{
  "dependencies": {
    "cheerio": {
      "version": "0.16.0",
      "dependencies": {
        "CSSselect": {
          "version": "0.4.1",
          "dependencies": {
            "CSSwhat": {
              "version": "0.4.7"
            },
            "domutils": {
              "version": "1.4.3",
              "dependencies": {
                "domelementtype": {
                  "version": "1.1.1"
                }
              }
            }
          }
        },
        "entities": {
          "version": "1.1.1"
        },
        "htmlparser2": {
          "version": "3.7.2",
          "dependencies": {
            "domhandler": {
              "version": "2.2.0"
            },
            "domutils": {
              "version": "1.5.0"
            },
            "domelementtype": {
              "version": "1.1.1"
            },
            "readable-stream": {
              "version": "1.1.13-1",
              "dependencies": {
                "core-util-is": {
                  "version": "1.0.1"
                },
                "isarray": {
                  "version": "0.0.1"
                },
                "string_decoder": {
                  "version": "0.10.25-1"
                },
                "inherits": {
                  "version": "2.0.1"
                }
              }
            },
            "entities": {
              "version": "1.0.0"
            }
          }
        },
        "lodash": {
          "version": "2.4.1"
        }
      }
    }
  }
}
